version = 1
revision = 3
requires-python = "==3.10.*"

[manifest]
members = [
    "client",
    "core",
    "root",
    "server",
]

[[package]]
name = "client"
version = "0.1.0"
source = { virtual = "apps/client" }
dependencies = [
    { name = "core" },
]

[package.metadata]
requires-dist = [{ name = "core", editable = "core" }]

[[package]]
name = "core"
version = "0.1.0"
source = { editable = "core" }

[[package]]
name = "root"
version = "0.0.0"
source = { virtual = "." }
dependencies = [
    { name = "uv-build" },
]

[package.metadata]
requires-dist = [{ name = "uv-build", specifier = ">=0.8.10" }]

[[package]]
name = "server"
version = "0.1.0"
source = { virtual = "apps/server" }
dependencies = [
    { name = "core" },
]

[package.metadata]
requires-dist = [{ name = "core", editable = "core" }]

[[package]]
name = "uv-build"
version = "0.8.10"
source = { registry = "https://pypi.org/simple" }
sdist = { url = "https://files.pythonhosted.org/packages/7c/04/76aa305368e2bdf832490e64716b7f027c6af4b2be066dde86a2b3f723eb/uv_build-0.8.10.tar.gz", hash = "sha256:b584a068ed0a3d27b942891d9c20d90b354cd6c02ae5e4767d59cc7712f52c93", size = 319579, upload-time = "2025-08-13T20:34:58.797Z" }
wheels = [
    { url = "https://files.pythonhosted.org/packages/7e/42/61554b8bcc1cec69befe627605168f647138a92636af5c2cdc27288b6e31/uv_build-0.8.10-py3-none-linux_armv6l.whl", hash = "sha256:fad1f9df2b4383126c35230e4fe66c401db8b21d9b78d2772ddb2cd954aa3f5e", size = 1318483, upload-time = "2025-08-13T20:34:31.848Z" },
    { url = "https://files.pythonhosted.org/packages/ef/b3/0bf593310457ee3658ab078f900e8626f05658d090812e97cbfc753df331/uv_build-0.8.10-py3-none-macosx_10_12_x86_64.whl", hash = "sha256:f23ed3e593baa7149442b45ff1e891cce99611bdc627ba0eedbd7a5f251aef68", size = 1299443, upload-time = "2025-08-13T20:34:33.503Z" },
    { url = "https://files.pythonhosted.org/packages/09/42/d7a690cd990d57eb3ffc46cadeb7f16b6b91e28ac71221d1ba71d679405d/uv_build-0.8.10-py3-none-macosx_11_0_arm64.whl", hash = "sha256:2d32fe8fc98bb7f004008da2355d98982190587e1ccb202ce7d3ebee6a557922", size = 1177104, upload-time = "2025-08-13T20:34:34.928Z" },
    { url = "https://files.pythonhosted.org/packages/76/d1/d1dfe99d77c4f0f4beb47e553a97351d31c5510103b7f86c62aa59a53900/uv_build-0.8.10-py3-none-manylinux_2_17_aarch64.manylinux2014_aarch64.musllinux_1_1_aarch64.whl", hash = "sha256:066dc93fe2c928765383a20d027c2b8cccff661db0813eba8ab8e8a05bfebdb7", size = 1367585, upload-time = "2025-08-13T20:34:38.952Z" },
    { url = "https://files.pythonhosted.org/packages/e8/67/b0496534127b8f037623b1167be6e21f484bdd05441debd1dae9563af86c/uv_build-0.8.10-py3-none-manylinux_2_17_armv7l.manylinux2014_armv7l.whl", hash = "sha256:aff97b8c9c64f4196d57c9db6ae46de5ab15af9d06db27caa3ffb030ce2f4445", size = 1275051, upload-time = "2025-08-13T20:34:40.332Z" },
    { url = "https://files.pythonhosted.org/packages/f4/a2/ccb3baa6210f6de934ceb8a04fd07b0a497fcc57b6a9783d39516e1475c2/uv_build-0.8.10-py3-none-manylinux_2_17_i686.manylinux2014_i686.whl", hash = "sha256:7084452267ec44daa97afc67e5a43b1a047fc139e724fb2dd72ad79f1ba8a3ed", size = 1426063, upload-time = "2025-08-13T20:34:41.768Z" },
    { url = "https://files.pythonhosted.org/packages/77/77/73981429cb18bf9d517fdf304421e9b49241c62c57394b177aed7ae8e62e/uv_build-0.8.10-py3-none-manylinux_2_17_ppc64.manylinux2014_ppc64.whl", hash = "sha256:35a0678a2751c77bd4d7c84f8c5ae82e4932d5b353da1d000b6779fe2eadadaf", size = 1577261, upload-time = "2025-08-13T20:34:43.053Z" },
    { url = "https://files.pythonhosted.org/packages/14/8e/1ddb99d744ed85b267fd65bd77b0f1918a9cac6661f36babc11d6e77299e/uv_build-0.8.10-py3-none-manylinux_2_17_ppc64le.manylinux2014_ppc64le.whl", hash = "sha256:0973fc8e4b5f68a87e124779befa6b7e452ff472bf140c2e2d91fe23d9c0639d", size = 1481082, upload-time = "2025-08-13T20:34:44.286Z" },
    { url = "https://files.pythonhosted.org/packages/29/12/371f91fd4f7a0b51998d686f456c93bb13d30bfeda0fb1c73f2b3c0e03a2/uv_build-0.8.10-py3-none-manylinux_2_17_s390x.manylinux2014_s390x.whl", hash = "sha256:9d7b26e2c4e7b20ebc61b870cec9a3c9ff1202835f15ff9300cc0ed16edc2f44", size = 1418001, upload-time = "2025-08-13T20:34:45.52Z" },
    { url = "https://files.pythonhosted.org/packages/f0/f1/14e21e228c8f48cffb606d9d95d95fe487eb7f3afb80573091cb83df5d07/uv_build-0.8.10-py3-none-manylinux_2_17_x86_64.manylinux2014_x86_64.whl", hash = "sha256:ad30a419b21c1782ecc7d9549e384fc3c18bd1e249dc44f00bdc9b68969526f9", size = 1421631, upload-time = "2025-08-13T20:34:46.801Z" },
    { url = "https://files.pythonhosted.org/packages/fd/fc/c438cc55e7f7ac278de0e920f5f22d27dcb32d29ef12e5372fe4a5847f5f/uv_build-0.8.10-py3-none-manylinux_2_28_aarch64.whl", hash = "sha256:6649752b60dcdfd470ebe4ede29ff67469c7f1442a0fc772190a06e45df5a5f5", size = 1365544, upload-time = "2025-08-13T20:34:48.312Z" },
    { url = "https://files.pythonhosted.org/packages/6a/0c/4fa30f70524fc74dd4570df3f4b7537757fdb81ed48bbdd0d15131f37583/uv_build-0.8.10-py3-none-manylinux_2_31_riscv64.whl", hash = "sha256:d06b7667ad36a777322cdf4902146bc2ef2ccf9ede206e6b765c24c3bf314d18", size = 1375395, upload-time = "2025-08-13T20:34:49.796Z" },
    { url = "https://files.pythonhosted.org/packages/38/ad/f9cbdd94fff667e185cad7f6f0161b3ef6e6283c4723d7072cd89d11a556/uv_build-0.8.10-py3-none-musllinux_1_1_armv7l.whl", hash = "sha256:a468941bef4c900c8772373cbb47fdcdd4896fd380ae2f82d9b8925fec806075", size = 1290645, upload-time = "2025-08-13T20:34:51.151Z" },
    { url = "https://files.pythonhosted.org/packages/49/d8/bd7a9dca427afb38aa4ec16940ef020cd4f6921f38399be367e30c244e54/uv_build-0.8.10-py3-none-musllinux_1_1_i686.whl", hash = "sha256:8457a1b2785f9b3994815321e322e7a88ffcaf9bfdcf0a8df44c5709ea7aab7c", size = 1380184, upload-time = "2025-08-13T20:34:52.804Z" },
    { url = "https://files.pythonhosted.org/packages/a7/25/4f5452f1ed764f26095410370f09170ded342dfcaf09cde756034175463d/uv_build-0.8.10-py3-none-musllinux_1_1_x86_64.whl", hash = "sha256:dc4fb07be374648cbb62052600979ed2580de7c9c8d0887a7da412f899acd005", size = 1462390, upload-time = "2025-08-13T20:34:53.971Z" },
    { url = "https://files.pythonhosted.org/packages/5a/87/ae2e955cda12557c0ba5102e1e1c5b7e40ba4229ce9af2221374306c3a54/uv_build-0.8.10-py3-none-win32.whl", hash = "sha256:257ea7595f64cc1a828ba9d7a735337cbb4ecdfd211eed098ea6e1d0b05ca8a6", size = 1251557, upload-time = "2025-08-13T20:34:54.983Z" },
    { url = "https://files.pythonhosted.org/packages/78/fd/f669dfa4fdeb6ac4e3229ad829ea831ece281a3caca1864f1c98c90b37cc/uv_build-0.8.10-py3-none-win_amd64.whl", hash = "sha256:df6de0adfae12493d3aef0226b2393df41719740e4b218be01bfee9a980134bc", size = 1329659, upload-time = "2025-08-13T20:34:56.109Z" },
    { url = "https://files.pythonhosted.org/packages/5b/4f/9b8fea70be36daab3a27c981657994db527959c8f94474895d6b52920003/uv_build-0.8.10-py3-none-win_arm64.whl", hash = "sha256:57d73a7e81b8807c6994da7fec8247b82e376d7d0fde24032e09f5995fc420ad", size = 1236500, upload-time = "2025-08-13T20:34:57.542Z" },
]
