version = 1
revision = 3
requires-python = "==3.10.*"

[manifest]
members = [
    "client",
    "core",
    "demo-external-keyboard-control",
    "root",
    "server",
]

[[package]]
name = "carla"
version = "0.9.15"
source = { registry = "https://pypi.org/simple" }
wheels = [
    { url = "https://files.pythonhosted.org/packages/86/5a/74cf6657e5bb4b8ffe790ef92a01d7f44592a992d758c7053cd6bc75bd96/carla-0.9.15-cp310-cp310-manylinux_2_27_x86_64.whl", hash = "sha256:61449e33260f6a0cfd2f88d56f2463a5797a0b51bc46618beec07365422d4ad6", size = 31895950, upload-time = "2023-11-14T22:51:08.532Z" },
    { url = "https://files.pythonhosted.org/packages/96/2e/211ca08509e0ec264df6547d6745917d5f9a5c62abae0fe48fc4300cf2a9/carla-0.9.15-cp310-cp310-win_amd64.whl", hash = "sha256:1ec9995169175f0d5e3e84762b7376214b72352ef006f22832d05c1380e62295", size = 4862744, upload-time = "2023-11-14T22:51:12.511Z" },
]

[[package]]
name = "client"
version = "0.1.0"
source = { virtual = "apps/client" }
dependencies = [
    { name = "core" },
]

[package.metadata]
requires-dist = [{ name = "core", editable = "core" }]

[[package]]
name = "core"
version = "0.1.0"
source = { editable = "core" }

[[package]]
name = "demo-external-keyboard-control"
version = "0.1.0"
source = { virtual = "apps/demo_external_keyboard_control" }
dependencies = [
    { name = "core" },
]

[package.metadata]
requires-dist = [{ name = "core", editable = "core" }]

[[package]]
name = "markdown-it-py"
version = "4.0.0"
source = { registry = "https://pypi.org/simple" }
dependencies = [
    { name = "mdurl" },
]
sdist = { url = "https://files.pythonhosted.org/packages/5b/f5/4ec618ed16cc4f8fb3b701563655a69816155e79e24a17b651541804721d/markdown_it_py-4.0.0.tar.gz", hash = "sha256:cb0a2b4aa34f932c007117b194e945bd74e0ec24133ceb5bac59009cda1cb9f3", size = 73070, upload-time = "2025-08-11T12:57:52.854Z" }
wheels = [
    { url = "https://files.pythonhosted.org/packages/94/54/e7d793b573f298e1c9013b8c4dade17d481164aa517d1d7148619c2cedbf/markdown_it_py-4.0.0-py3-none-any.whl", hash = "sha256:87327c59b172c5011896038353a81343b6754500a08cd7a4973bb48c6d578147", size = 87321, upload-time = "2025-08-11T12:57:51.923Z" },
]

[[package]]
name = "mdurl"
version = "0.1.2"
source = { registry = "https://pypi.org/simple" }
sdist = { url = "https://files.pythonhosted.org/packages/d6/54/cfe61301667036ec958cb99bd3efefba235e65cdeb9c84d24a8293ba1d90/mdurl-0.1.2.tar.gz", hash = "sha256:bb413d29f5eea38f31dd4754dd7377d4465116fb207585f97bf925588687c1ba", size = 8729, upload-time = "2022-08-14T12:40:10.846Z" }
wheels = [
    { url = "https://files.pythonhosted.org/packages/b3/38/89ba8ad64ae25be8de66a6d463314cf1eb366222074cfda9ee839c56a4b4/mdurl-0.1.2-py3-none-any.whl", hash = "sha256:84008a41e51615a49fc9966191ff91509e3c40b939176e643fd50a5c2196b8f8", size = 9979, upload-time = "2022-08-14T12:40:09.779Z" },
]

[[package]]
name = "numpy"
version = "2.2.6"
source = { registry = "https://pypi.org/simple" }
sdist = { url = "https://files.pythonhosted.org/packages/76/21/7d2a95e4bba9dc13d043ee156a356c0a8f0c6309dff6b21b4d71a073b8a8/numpy-2.2.6.tar.gz", hash = "sha256:e29554e2bef54a90aa5cc07da6ce955accb83f21ab5de01a62c8478897b264fd", size = 20276440, upload-time = "2025-05-17T22:38:04.611Z" }
wheels = [
    { url = "https://files.pythonhosted.org/packages/9a/3e/ed6db5be21ce87955c0cbd3009f2803f59fa08df21b5df06862e2d8e2bdd/numpy-2.2.6-cp310-cp310-macosx_10_9_x86_64.whl", hash = "sha256:b412caa66f72040e6d268491a59f2c43bf03eb6c96dd8f0307829feb7fa2b6fb", size = 21165245, upload-time = "2025-05-17T21:27:58.555Z" },
    { url = "https://files.pythonhosted.org/packages/22/c2/4b9221495b2a132cc9d2eb862e21d42a009f5a60e45fc44b00118c174bff/numpy-2.2.6-cp310-cp310-macosx_11_0_arm64.whl", hash = "sha256:8e41fd67c52b86603a91c1a505ebaef50b3314de0213461c7a6e99c9a3beff90", size = 14360048, upload-time = "2025-05-17T21:28:21.406Z" },
    { url = "https://files.pythonhosted.org/packages/fd/77/dc2fcfc66943c6410e2bf598062f5959372735ffda175b39906d54f02349/numpy-2.2.6-cp310-cp310-macosx_14_0_arm64.whl", hash = "sha256:37e990a01ae6ec7fe7fa1c26c55ecb672dd98b19c3d0e1d1f326fa13cb38d163", size = 5340542, upload-time = "2025-05-17T21:28:30.931Z" },
    { url = "https://files.pythonhosted.org/packages/7a/4f/1cb5fdc353a5f5cc7feb692db9b8ec2c3d6405453f982435efc52561df58/numpy-2.2.6-cp310-cp310-macosx_14_0_x86_64.whl", hash = "sha256:5a6429d4be8ca66d889b7cf70f536a397dc45ba6faeb5f8c5427935d9592e9cf", size = 6878301, upload-time = "2025-05-17T21:28:41.613Z" },
    { url = "https://files.pythonhosted.org/packages/eb/17/96a3acd228cec142fcb8723bd3cc39c2a474f7dcf0a5d16731980bcafa95/numpy-2.2.6-cp310-cp310-manylinux_2_17_aarch64.manylinux2014_aarch64.whl", hash = "sha256:efd28d4e9cd7d7a8d39074a4d44c63eda73401580c5c76acda2ce969e0a38e83", size = 14297320, upload-time = "2025-05-17T21:29:02.78Z" },
    { url = "https://files.pythonhosted.org/packages/b4/63/3de6a34ad7ad6646ac7d2f55ebc6ad439dbbf9c4370017c50cf403fb19b5/numpy-2.2.6-cp310-cp310-manylinux_2_17_x86_64.manylinux2014_x86_64.whl", hash = "sha256:fc7b73d02efb0e18c000e9ad8b83480dfcd5dfd11065997ed4c6747470ae8915", size = 16801050, upload-time = "2025-05-17T21:29:27.675Z" },
    { url = "https://files.pythonhosted.org/packages/07/b6/89d837eddef52b3d0cec5c6ba0456c1bf1b9ef6a6672fc2b7873c3ec4e2e/numpy-2.2.6-cp310-cp310-musllinux_1_2_aarch64.whl", hash = "sha256:74d4531beb257d2c3f4b261bfb0fc09e0f9ebb8842d82a7b4209415896adc680", size = 15807034, upload-time = "2025-05-17T21:29:51.102Z" },
    { url = "https://files.pythonhosted.org/packages/01/c8/dc6ae86e3c61cfec1f178e5c9f7858584049b6093f843bca541f94120920/numpy-2.2.6-cp310-cp310-musllinux_1_2_x86_64.whl", hash = "sha256:8fc377d995680230e83241d8a96def29f204b5782f371c532579b4f20607a289", size = 18614185, upload-time = "2025-05-17T21:30:18.703Z" },
    { url = "https://files.pythonhosted.org/packages/5b/c5/0064b1b7e7c89137b471ccec1fd2282fceaae0ab3a9550f2568782d80357/numpy-2.2.6-cp310-cp310-win32.whl", hash = "sha256:b093dd74e50a8cba3e873868d9e93a85b78e0daf2e98c6797566ad8044e8363d", size = 6527149, upload-time = "2025-05-17T21:30:29.788Z" },
    { url = "https://files.pythonhosted.org/packages/a3/dd/4b822569d6b96c39d1215dbae0582fd99954dcbcf0c1a13c61783feaca3f/numpy-2.2.6-cp310-cp310-win_amd64.whl", hash = "sha256:f0fd6321b839904e15c46e0d257fdd101dd7f530fe03fd6359c1ea63738703f3", size = 12904620, upload-time = "2025-05-17T21:30:48.994Z" },
    { url = "https://files.pythonhosted.org/packages/9e/3b/d94a75f4dbf1ef5d321523ecac21ef23a3cd2ac8b78ae2aac40873590229/numpy-2.2.6-pp310-pypy310_pp73-macosx_10_15_x86_64.whl", hash = "sha256:0b605b275d7bd0c640cad4e5d30fa701a8d59302e127e5f79138ad62762c3e3d", size = 21040391, upload-time = "2025-05-17T21:44:35.948Z" },
    { url = "https://files.pythonhosted.org/packages/17/f4/09b2fa1b58f0fb4f7c7963a1649c64c4d315752240377ed74d9cd878f7b5/numpy-2.2.6-pp310-pypy310_pp73-macosx_14_0_x86_64.whl", hash = "sha256:7befc596a7dc9da8a337f79802ee8adb30a552a94f792b9c9d18c840055907db", size = 6786754, upload-time = "2025-05-17T21:44:47.446Z" },
    { url = "https://files.pythonhosted.org/packages/af/30/feba75f143bdc868a1cc3f44ccfa6c4b9ec522b36458e738cd00f67b573f/numpy-2.2.6-pp310-pypy310_pp73-manylinux_2_17_x86_64.manylinux2014_x86_64.whl", hash = "sha256:ce47521a4754c8f4593837384bd3424880629f718d87c5d44f8ed763edd63543", size = 16643476, upload-time = "2025-05-17T21:45:11.871Z" },
    { url = "https://files.pythonhosted.org/packages/37/48/ac2a9584402fb6c0cd5b5d1a91dcf176b15760130dd386bbafdbfe3640bf/numpy-2.2.6-pp310-pypy310_pp73-win_amd64.whl", hash = "sha256:d042d24c90c41b54fd506da306759e06e568864df8ec17ccc17e9e884634fd00", size = 12812666, upload-time = "2025-05-17T21:45:31.426Z" },
]

[[package]]
name = "opencv-python"
version = "4.12.0.88"
source = { registry = "https://pypi.org/simple" }
dependencies = [
    { name = "numpy" },
]
sdist = { url = "https://files.pythonhosted.org/packages/ac/71/25c98e634b6bdeca4727c7f6d6927b056080668c5008ad3c8fc9e7f8f6ec/opencv-python-4.12.0.88.tar.gz", hash = "sha256:8b738389cede219405f6f3880b851efa3415ccd674752219377353f017d2994d", size = 95373294, upload-time = "2025-07-07T09:20:52.389Z" }
wheels = [
    { url = "https://files.pythonhosted.org/packages/85/68/3da40142e7c21e9b1d4e7ddd6c58738feb013203e6e4b803d62cdd9eb96b/opencv_python-4.12.0.88-cp37-abi3-macosx_13_0_arm64.whl", hash = "sha256:f9a1f08883257b95a5764bf517a32d75aec325319c8ed0f89739a57fae9e92a5", size = 37877727, upload-time = "2025-07-07T09:13:31.47Z" },
    { url = "https://files.pythonhosted.org/packages/33/7c/042abe49f58d6ee7e1028eefc3334d98ca69b030e3b567fe245a2b28ea6f/opencv_python-4.12.0.88-cp37-abi3-macosx_13_0_x86_64.whl", hash = "sha256:812eb116ad2b4de43ee116fcd8991c3a687f099ada0b04e68f64899c09448e81", size = 57326471, upload-time = "2025-07-07T09:13:41.26Z" },
    { url = "https://files.pythonhosted.org/packages/62/3a/440bd64736cf8116f01f3b7f9f2e111afb2e02beb2ccc08a6458114a6b5d/opencv_python-4.12.0.88-cp37-abi3-manylinux2014_aarch64.manylinux_2_17_aarch64.whl", hash = "sha256:51fd981c7df6af3e8f70b1556696b05224c4e6b6777bdd2a46b3d4fb09de1a92", size = 45887139, upload-time = "2025-07-07T09:13:50.761Z" },
    { url = "https://files.pythonhosted.org/packages/68/1f/795e7f4aa2eacc59afa4fb61a2e35e510d06414dd5a802b51a012d691b37/opencv_python-4.12.0.88-cp37-abi3-manylinux2014_x86_64.manylinux_2_17_x86_64.whl", hash = "sha256:092c16da4c5a163a818f120c22c5e4a2f96e0db4f24e659c701f1fe629a690f9", size = 67041680, upload-time = "2025-07-07T09:14:01.995Z" },
    { url = "https://files.pythonhosted.org/packages/02/96/213fea371d3cb2f1d537612a105792aa0a6659fb2665b22cad709a75bd94/opencv_python-4.12.0.88-cp37-abi3-win32.whl", hash = "sha256:ff554d3f725b39878ac6a2e1fa232ec509c36130927afc18a1719ebf4fbf4357", size = 30284131, upload-time = "2025-07-07T09:14:08.819Z" },
    { url = "https://files.pythonhosted.org/packages/fa/80/eb88edc2e2b11cd2dd2e56f1c80b5784d11d6e6b7f04a1145df64df40065/opencv_python-4.12.0.88-cp37-abi3-win_amd64.whl", hash = "sha256:d98edb20aa932fd8ebd276a72627dad9dc097695b3d435a4257557bbb49a79d2", size = 39000307, upload-time = "2025-07-07T09:14:16.641Z" },
]

[[package]]
name = "psutil"
version = "7.0.0"
source = { registry = "https://pypi.org/simple" }
sdist = { url = "https://files.pythonhosted.org/packages/2a/80/336820c1ad9286a4ded7e845b2eccfcb27851ab8ac6abece774a6ff4d3de/psutil-7.0.0.tar.gz", hash = "sha256:7be9c3eba38beccb6495ea33afd982a44074b78f28c434a1f51cc07fd315c456", size = 497003, upload-time = "2025-02-13T21:54:07.946Z" }
wheels = [
    { url = "https://files.pythonhosted.org/packages/ed/e6/2d26234410f8b8abdbf891c9da62bee396583f713fb9f3325a4760875d22/psutil-7.0.0-cp36-abi3-macosx_10_9_x86_64.whl", hash = "sha256:101d71dc322e3cffd7cea0650b09b3d08b8e7c4109dd6809fe452dfd00e58b25", size = 238051, upload-time = "2025-02-13T21:54:12.36Z" },
    { url = "https://files.pythonhosted.org/packages/04/8b/30f930733afe425e3cbfc0e1468a30a18942350c1a8816acfade80c005c4/psutil-7.0.0-cp36-abi3-macosx_11_0_arm64.whl", hash = "sha256:39db632f6bb862eeccf56660871433e111b6ea58f2caea825571951d4b6aa3da", size = 239535, upload-time = "2025-02-13T21:54:16.07Z" },
    { url = "https://files.pythonhosted.org/packages/2a/ed/d362e84620dd22876b55389248e522338ed1bf134a5edd3b8231d7207f6d/psutil-7.0.0-cp36-abi3-manylinux_2_12_i686.manylinux2010_i686.manylinux_2_17_i686.manylinux2014_i686.whl", hash = "sha256:1fcee592b4c6f146991ca55919ea3d1f8926497a713ed7faaf8225e174581e91", size = 275004, upload-time = "2025-02-13T21:54:18.662Z" },
    { url = "https://files.pythonhosted.org/packages/bf/b9/b0eb3f3cbcb734d930fdf839431606844a825b23eaf9a6ab371edac8162c/psutil-7.0.0-cp36-abi3-manylinux_2_12_x86_64.manylinux2010_x86_64.manylinux_2_17_x86_64.manylinux2014_x86_64.whl", hash = "sha256:4b1388a4f6875d7e2aff5c4ca1cc16c545ed41dd8bb596cefea80111db353a34", size = 277986, upload-time = "2025-02-13T21:54:21.811Z" },
    { url = "https://files.pythonhosted.org/packages/eb/a2/709e0fe2f093556c17fbafda93ac032257242cabcc7ff3369e2cb76a97aa/psutil-7.0.0-cp36-abi3-manylinux_2_17_aarch64.manylinux2014_aarch64.whl", hash = "sha256:a5f098451abc2828f7dc6b58d44b532b22f2088f4999a937557b603ce72b1993", size = 279544, upload-time = "2025-02-13T21:54:24.68Z" },
    { url = "https://files.pythonhosted.org/packages/50/e6/eecf58810b9d12e6427369784efe814a1eec0f492084ce8eb8f4d89d6d61/psutil-7.0.0-cp37-abi3-win32.whl", hash = "sha256:ba3fcef7523064a6c9da440fc4d6bd07da93ac726b5733c29027d7dc95b39d99", size = 241053, upload-time = "2025-02-13T21:54:34.31Z" },
    { url = "https://files.pythonhosted.org/packages/50/1b/6921afe68c74868b4c9fa424dad3be35b095e16687989ebbb50ce4fceb7c/psutil-7.0.0-cp37-abi3-win_amd64.whl", hash = "sha256:4cf3d4eb1aa9b348dec30105c55cd9b7d4629285735a102beb4441e38db90553", size = 244885, upload-time = "2025-02-13T21:54:37.486Z" },
]

[[package]]
name = "pygments"
version = "2.19.2"
source = { registry = "https://pypi.org/simple" }
sdist = { url = "https://files.pythonhosted.org/packages/b0/77/a5b8c569bf593b0140bde72ea885a803b82086995367bf2037de0159d924/pygments-2.19.2.tar.gz", hash = "sha256:636cb2477cec7f8952536970bc533bc43743542f70392ae026374600add5b887", size = 4968631, upload-time = "2025-06-21T13:39:12.283Z" }
wheels = [
    { url = "https://files.pythonhosted.org/packages/c7/21/705964c7812476f378728bdf590ca4b771ec72385c533964653c68e86bdc/pygments-2.19.2-py3-none-any.whl", hash = "sha256:86540386c03d588bb81d44bc3928634ff26449851e99741617ecb9037ee5ec0b", size = 1225217, upload-time = "2025-06-21T13:39:07.939Z" },
]

[[package]]
name = "pyyaml"
version = "6.0.2"
source = { registry = "https://pypi.org/simple" }
sdist = { url = "https://files.pythonhosted.org/packages/54/ed/79a089b6be93607fa5cdaedf301d7dfb23af5f25c398d5ead2525b063e17/pyyaml-6.0.2.tar.gz", hash = "sha256:d584d9ec91ad65861cc08d42e834324ef890a082e591037abe114850ff7bbc3e", size = 130631, upload-time = "2024-08-06T20:33:50.674Z" }
wheels = [
    { url = "https://files.pythonhosted.org/packages/9b/95/a3fac87cb7158e231b5a6012e438c647e1a87f09f8e0d123acec8ab8bf71/PyYAML-6.0.2-cp310-cp310-macosx_10_9_x86_64.whl", hash = "sha256:0a9a2848a5b7feac301353437eb7d5957887edbf81d56e903999a75a3d743086", size = 184199, upload-time = "2024-08-06T20:31:40.178Z" },
    { url = "https://files.pythonhosted.org/packages/c7/7a/68bd47624dab8fd4afbfd3c48e3b79efe09098ae941de5b58abcbadff5cb/PyYAML-6.0.2-cp310-cp310-macosx_11_0_arm64.whl", hash = "sha256:29717114e51c84ddfba879543fb232a6ed60086602313ca38cce623c1d62cfbf", size = 171758, upload-time = "2024-08-06T20:31:42.173Z" },
    { url = "https://files.pythonhosted.org/packages/49/ee/14c54df452143b9ee9f0f29074d7ca5516a36edb0b4cc40c3f280131656f/PyYAML-6.0.2-cp310-cp310-manylinux_2_17_aarch64.manylinux2014_aarch64.whl", hash = "sha256:8824b5a04a04a047e72eea5cec3bc266db09e35de6bdfe34c9436ac5ee27d237", size = 718463, upload-time = "2024-08-06T20:31:44.263Z" },
    { url = "https://files.pythonhosted.org/packages/4d/61/de363a97476e766574650d742205be468921a7b532aa2499fcd886b62530/PyYAML-6.0.2-cp310-cp310-manylinux_2_17_s390x.manylinux2014_s390x.whl", hash = "sha256:7c36280e6fb8385e520936c3cb3b8042851904eba0e58d277dca80a5cfed590b", size = 719280, upload-time = "2024-08-06T20:31:50.199Z" },
    { url = "https://files.pythonhosted.org/packages/6b/4e/1523cb902fd98355e2e9ea5e5eb237cbc5f3ad5f3075fa65087aa0ecb669/PyYAML-6.0.2-cp310-cp310-manylinux_2_17_x86_64.manylinux2014_x86_64.whl", hash = "sha256:ec031d5d2feb36d1d1a24380e4db6d43695f3748343d99434e6f5f9156aaa2ed", size = 751239, upload-time = "2024-08-06T20:31:52.292Z" },
    { url = "https://files.pythonhosted.org/packages/b7/33/5504b3a9a4464893c32f118a9cc045190a91637b119a9c881da1cf6b7a72/PyYAML-6.0.2-cp310-cp310-musllinux_1_1_aarch64.whl", hash = "sha256:936d68689298c36b53b29f23c6dbb74de12b4ac12ca6cfe0e047bedceea56180", size = 695802, upload-time = "2024-08-06T20:31:53.836Z" },
    { url = "https://files.pythonhosted.org/packages/5c/20/8347dcabd41ef3a3cdc4f7b7a2aff3d06598c8779faa189cdbf878b626a4/PyYAML-6.0.2-cp310-cp310-musllinux_1_1_x86_64.whl", hash = "sha256:23502f431948090f597378482b4812b0caae32c22213aecf3b55325e049a6c68", size = 720527, upload-time = "2024-08-06T20:31:55.565Z" },
    { url = "https://files.pythonhosted.org/packages/be/aa/5afe99233fb360d0ff37377145a949ae258aaab831bde4792b32650a4378/PyYAML-6.0.2-cp310-cp310-win32.whl", hash = "sha256:2e99c6826ffa974fe6e27cdb5ed0021786b03fc98e5ee3c5bfe1fd5015f42b99", size = 144052, upload-time = "2024-08-06T20:31:56.914Z" },
    { url = "https://files.pythonhosted.org/packages/b5/84/0fa4b06f6d6c958d207620fc60005e241ecedceee58931bb20138e1e5776/PyYAML-6.0.2-cp310-cp310-win_amd64.whl", hash = "sha256:a4d3091415f010369ae4ed1fc6b79def9416358877534caf6a0fdd2146c87a3e", size = 161774, upload-time = "2024-08-06T20:31:58.304Z" },
]

[[package]]
name = "rich"
version = "14.1.0"
source = { registry = "https://pypi.org/simple" }
dependencies = [
    { name = "markdown-it-py" },
    { name = "pygments" },
]
sdist = { url = "https://files.pythonhosted.org/packages/fe/75/af448d8e52bf1d8fa6a9d089ca6c07ff4453d86c65c145d0a300bb073b9b/rich-14.1.0.tar.gz", hash = "sha256:e497a48b844b0320d45007cdebfeaeed8db2a4f4bcf49f15e455cfc4af11eaa8", size = 224441, upload-time = "2025-07-25T07:32:58.125Z" }
wheels = [
    { url = "https://files.pythonhosted.org/packages/e3/30/3c4d035596d3cf444529e0b2953ad0466f6049528a879d27534700580395/rich-14.1.0-py3-none-any.whl", hash = "sha256:536f5f1785986d6dbdea3c75205c473f970777b4a0d6c6dd1b696aa05a3fa04f", size = 243368, upload-time = "2025-07-25T07:32:56.73Z" },
]

[[package]]
name = "root"
version = "0.0.0"
source = { virtual = "." }
dependencies = [
    { name = "carla" },
    { name = "core" },
    { name = "numpy" },
    { name = "opencv-python" },
    { name = "psutil" },
    { name = "pyyaml" },
    { name = "rich" },
    { name = "typing-extensions" },
    { name = "uv-build" },
]

[package.metadata]
requires-dist = [
    { name = "carla", specifier = ">=0.9.15" },
    { name = "core", editable = "core" },
    { name = "numpy", specifier = ">=2.2.6" },
    { name = "opencv-python", specifier = ">=4.12.0.88" },
    { name = "psutil", specifier = ">=7.0.0" },
    { name = "pyyaml", specifier = ">=6.0.2" },
    { name = "rich", specifier = ">=14.1.0" },
    { name = "typing-extensions", specifier = ">=4.15.0" },
    { name = "uv-build", specifier = ">=0.8.14" },
]

[[package]]
name = "server"
version = "0.1.0"
source = { virtual = "apps/server" }
dependencies = [
    { name = "core" },
]

[package.metadata]
requires-dist = [{ name = "core", editable = "core" }]

[[package]]
name = "typing-extensions"
version = "4.15.0"
source = { registry = "https://pypi.org/simple" }
sdist = { url = "https://files.pythonhosted.org/packages/72/94/1a15dd82efb362ac84269196e94cf00f187f7ed21c242792a923cdb1c61f/typing_extensions-4.15.0.tar.gz", hash = "sha256:0cea48d173cc12fa28ecabc3b837ea3cf6f38c6d1136f85cbaaf598984861466", size = 109391, upload-time = "2025-08-25T13:49:26.313Z" }
wheels = [
    { url = "https://files.pythonhosted.org/packages/18/67/36e9267722cc04a6b9f15c7f3441c2363321a3ea07da7ae0c0707beb2a9c/typing_extensions-4.15.0-py3-none-any.whl", hash = "sha256:f0fa19c6845758ab08074a0cfa8b7aecb71c999ca73d62883bc25cc018c4e548", size = 44614, upload-time = "2025-08-25T13:49:24.86Z" },
]

[[package]]
name = "uv-build"
version = "0.8.14"
source = { registry = "https://pypi.org/simple" }
sdist = { url = "https://files.pythonhosted.org/packages/50/13/458ea9504b1f5e062b7320e064028710d5ae33f9bae26ec29cdb99a36b20/uv_build-0.8.14.tar.gz", hash = "sha256:0a678bf3ff49ccb320c18ec8fc2540635ef6fbf9262018e8d482f1f840bf79c9", size = 326980, upload-time = "2025-08-28T21:55:26.82Z" }
wheels = [
    { url = "https://files.pythonhosted.org/packages/4d/97/c38adb370db5f27ab6e4f187b7f6e193645919c309e1600e369a425e66c8/uv_build-0.8.14-py3-none-linux_armv6l.whl", hash = "sha256:6b4b7763a8fb5a73093120972c1b372ab6c801a1e4e4609f477ff885bc35aaf6", size = 1518670, upload-time = "2025-08-28T21:55:02.31Z" },
    { url = "https://files.pythonhosted.org/packages/4f/ed/f4a19693e951e2a1e0c6a446de6c11df60dffbcb8d3f92ae673ce51fd17b/uv_build-0.8.14-py3-none-macosx_10_12_x86_64.whl", hash = "sha256:7732bda5ae226a97956d87d252ee44608d0d8ffc81fc63fd54da035d10a5b328", size = 1494494, upload-time = "2025-08-28T21:55:04.273Z" },
    { url = "https://files.pythonhosted.org/packages/3b/62/fb74c45391c5f9f53c901cadde81e57ef4a9ff395d732e02c0bd14cbd187/uv_build-0.8.14-py3-none-macosx_11_0_arm64.whl", hash = "sha256:f8a08e2723f07cd65c09f88f92fe5fff1cc487113b81bda1c02868557a041180", size = 1364813, upload-time = "2025-08-28T21:55:05.702Z" },
    { url = "https://files.pythonhosted.org/packages/15/fc/eae96233dc2143ee64f796c8d511e18d530292ddb125bbdde3aa03728a25/uv_build-0.8.14-py3-none-manylinux_2_17_aarch64.manylinux2014_aarch64.musllinux_1_1_aarch64.whl", hash = "sha256:eb71595f1086218c81c5fdfa52f59ab99041a457a421404e3bdfc5bc34359b9d", size = 1571201, upload-time = "2025-08-28T21:55:06.728Z" },
    { url = "https://files.pythonhosted.org/packages/0e/eb/7e94ff4babc8f1a80199dee48e186d817aeb7290678b1ce231f0ec5043ba/uv_build-0.8.14-py3-none-manylinux_2_17_armv7l.manylinux2014_armv7l.whl", hash = "sha256:a46772f4de85c549848cbdc96c7d30f59c489f288a6d221beaab466b950efefd", size = 1483300, upload-time = "2025-08-28T21:55:10.524Z" },
    { url = "https://files.pythonhosted.org/packages/c9/32/88ca31d4a31bc0603cafb37a59c9f0c580cc58e328c5673fb268d8ce0697/uv_build-0.8.14-py3-none-manylinux_2_17_i686.manylinux2014_i686.whl", hash = "sha256:a424e24ef16bf6ac44c257a01a377ae20771f4c0062a43a5b3eef614305b110e", size = 1655555, upload-time = "2025-08-28T21:55:11.796Z" },
    { url = "https://files.pythonhosted.org/packages/ea/78/c0a6c30c4c6f0f3ec684541f3dbdb983d97bda9bf7376327a3bea9d7f6bf/uv_build-0.8.14-py3-none-manylinux_2_17_ppc64.manylinux2014_ppc64.whl", hash = "sha256:753dd4e619da10c82092c413cb49ec621bf1f1c262102eabb0cc70ec32b84fe3", size = 1820603, upload-time = "2025-08-28T21:55:12.865Z" },
    { url = "https://files.pythonhosted.org/packages/01/53/2c9bcf6a7bb0a1fff626874c7d23a981ef94259c77acb996da1bfd92cdf5/uv_build-0.8.14-py3-none-manylinux_2_17_ppc64le.manylinux2014_ppc64le.whl", hash = "sha256:14ac8838a501ed6bee565aecf107102aae11af6dc350c8e52c2d99eb6ce4c0a9", size = 1704663, upload-time = "2025-08-28T21:55:14.331Z" },
    { url = "https://files.pythonhosted.org/packages/9b/ce/5be3aac672481d83a160a165bcd84fa83548e1f90857c6809662c37e8c18/uv_build-0.8.14-py3-none-manylinux_2_17_s390x.manylinux2014_s390x.whl", hash = "sha256:088d2c087fcf7c05d49b6aebb94c2a93708bd3ca0787c4036e326f6b269a0e33", size = 1667137, upload-time = "2025-08-28T21:55:15.707Z" },
    { url = "https://files.pythonhosted.org/packages/62/ad/7d1b662bb52d8c1db29ba41cee01fadc2fe2924262e8d2e90e0c266b8cf8/uv_build-0.8.14-py3-none-manylinux_2_17_x86_64.manylinux2014_x86_64.whl", hash = "sha256:a6b3c59d1cb9127bdf287e0a9e3e929096e857ca864e69e168b4c45d0e151525", size = 1655344, upload-time = "2025-08-28T21:55:16.987Z" },
    { url = "https://files.pythonhosted.org/packages/35/1b/7a5c629f06a423483876d49548ef5fecada836d9fbf0fd297d3b0e0923e5/uv_build-0.8.14-py3-none-manylinux_2_28_aarch64.whl", hash = "sha256:9f73b12c648d7f8902d3b00e15cfb55cb579c0118a5751326becd019f3ecb065", size = 1596487, upload-time = "2025-08-28T21:55:18.037Z" },
    { url = "https://files.pythonhosted.org/packages/7b/b2/ebf1d56d04697092889f5a87fb3bc9c2f144eab517aad414e86597df5e71/uv_build-0.8.14-py3-none-manylinux_2_31_riscv64.whl", hash = "sha256:5983a80f133e2977d4b26bc9f213251edefc261c8fde696bf329c95d776a4225", size = 1597070, upload-time = "2025-08-28T21:55:19.045Z" },
    { url = "https://files.pythonhosted.org/packages/43/30/f314a273e3d5615655216bf5b8d437c909c1548b4610738ae0bd95e19025/uv_build-0.8.14-py3-none-musllinux_1_1_armv7l.whl", hash = "sha256:2f6eddcf315017f6d68188350b97667694a4e00221201ed894bb1d6f72c1bfc5", size = 1492190, upload-time = "2025-08-28T21:55:20.06Z" },
    { url = "https://files.pythonhosted.org/packages/66/bd/f380aed8e13296359f59855e6f87acae318890193e4420b996508168c161/uv_build-0.8.14-py3-none-musllinux_1_1_i686.whl", hash = "sha256:6a4a6abd1691f97597f4c20b4e9a9866bf6f350adb94e3f6d4409411c1864019", size = 1593968, upload-time = "2025-08-28T21:55:21.183Z" },
    { url = "https://files.pythonhosted.org/packages/f4/c1/26e6266adda0e86b12a76fd4f5f53fc6a7274906cd08d63a9955c68a6830/uv_build-0.8.14-py3-none-musllinux_1_1_x86_64.whl", hash = "sha256:7bc96d26c5c389765437a0720a6a728fa1ce637b17faef59f030fd1f1216ab66", size = 1698923, upload-time = "2025-08-28T21:55:22.412Z" },
    { url = "https://files.pythonhosted.org/packages/71/3c/7c67971b449bac1a8bf3521fe51e9106b4d67ee89bb51b5708f7ed1d99fa/uv_build-0.8.14-py3-none-win32.whl", hash = "sha256:e8079b70f029aaf530cf026f559648a12052889326813fe3a17bfa1817c4bec7", size = 1451190, upload-time = "2025-08-28T21:55:23.637Z" },
    { url = "https://files.pythonhosted.org/packages/15/75/8322ab13cccf3febd500c117de6ee90d856d2ec4615d5abca0ec37409993/uv_build-0.8.14-py3-none-win_amd64.whl", hash = "sha256:14b009088137f30c7cc1e8b91e1eb790d1a7375d15b225cd62cb8868c2494392", size = 1537798, upload-time = "2025-08-28T21:55:24.643Z" },
    { url = "https://files.pythonhosted.org/packages/31/05/64320210922a3689dd5c2a7ac188f3280c405a5b04bc53b043d3989ebbba/uv_build-0.8.14-py3-none-win_arm64.whl", hash = "sha256:04df1e209e8d7b117cc6a8d7e9ccfa77291fd247fcedde8988d1c62c78d1ef05", size = 1440253, upload-time = "2025-08-28T21:55:25.716Z" },
]
